
Microsoft Visual Studio Solution File, Format Version 12.00
# Visual Studio Version 17
VisualStudioVersion = 17.5.33516.290
MinimumVisualStudioVersion = 10.0.40219.1
Project("{2150E333-8FDC-42A3-9474-1A3956D46DE8}") = "Services", "Services", "{282F03DF-1AE2-4ABE-B4FF-A247BADBA5E8}"
EndProject
Project("{2150E333-8FDC-42A3-9474-1A3956D46DE8}") = "Catalog", "Catalog", "{A8CC65FB-D909-4B66-9FE0-535374AE1D32}"
EndProject
Project("{9A19103F-16F7-4668-BE54-9A1E7A4F7556}") = "Catalog.API", "Services\Catalog\Catalog.API\Catalog.API.csproj", "{D3AE3777-7A53-46EF-8DD8-559B58CA1342}"
EndProject
Project("{E53339B2-1760-4266-BCC7-CA923CBCF16C}") = "docker-compose", "docker-compose.dcproj", "{F3473CDB-2F5E-4E09-994C-1EDE6756513E}"
EndProject
Project("{2150E333-8FDC-42A3-9474-1A3956D46DE8}") = "Basket", "Basket", "{BFC07069-9567-49C6-95B3-9A9041E8D681}"
EndProject
Project("{9A19103F-16F7-4668-BE54-9A1E7A4F7556}") = "Basket.API", "Services\Basket\Basket.API\Basket.API.csproj", "{96308841-C97E-41E3-8E3B-0216FEBC0748}"
EndProject
Project("{2150E333-8FDC-42A3-9474-1A3956D46DE8}") = "Discount", "Discount", "{7C67BDDE-59C8-4A49-9E60-FDFFF3452F11}"
EndProject
Project("{9A19103F-16F7-4668-BE54-9A1E7A4F7556}") = "Discount.API", "Services\Discount\Discount.API\Discount.API.csproj", "{ADE200EF-B2F2-4EC5-B55D-0E3CD05A3B9E}"
EndProject
Project("{9A19103F-16F7-4668-BE54-9A1E7A4F7556}") = "Discount.GRPC", "Services\Discount\Discount.GRPC\Discount.GRPC.csproj", "{CF8BE362-BD28-4BB6-A95D-237379862F62}"
EndProject
Project("{2150E333-8FDC-42A3-9474-1A3956D46DE8}") = "Ordering", "Ordering", "{1253E962-4ED8-4255-8481-3420CEB1C54E}"
EndProject
Project("{9A19103F-16F7-4668-BE54-9A1E7A4F7556}") = "Ordering.API", "Services\Ordering\Ordering.API\Ordering.API.csproj", "{262DBCFC-DF4B-4D75-A253-192523024695}"
EndProject
Project("{9A19103F-16F7-4668-BE54-9A1E7A4F7556}") = "Ordering.Domain", "Services\Ordering\Ordering.Domain\Ordering.Domain.csproj", "{3BD9A52B-A6D3-4169-87CF-057D5198AFC9}"
EndProject
Project("{9A19103F-16F7-4668-BE54-9A1E7A4F7556}") = "Ordering.Application", "Services\Ordering\Ordering.Application\Ordering.Application.csproj", "{DB6B425A-DBCC-47ED-973E-47906A81B009}"
EndProject
Project("{9A19103F-16F7-4668-BE54-9A1E7A4F7556}") = "Ordering.Infrastructure", "Services\Ordering\Ordering.Infrastructure\Ordering.Infrastructure.csproj", "{20E9CFE9-A30D-40F1-A447-513A3F50B9DA}"
EndProject
Project("{2150E333-8FDC-42A3-9474-1A3956D46DE8}") = "BuildingBlocks", "BuildingBlocks", "{182B40D7-EB48-498F-9BE0-12EBC841CEAA}"
EndProject
Project("{FAE04EC0-301F-11D3-BF4B-00C04F79EFBC}") = "EventBus.Messages", "BuildingBlocks\EventBus.Messages\EventBus.Messages.csproj", "{E7F7C608-E036-4315-BF1C-0231E6675969}"
EndProject
Global
	GlobalSection(SolutionConfigurationPlatforms) = preSolution
		Debug|Any CPU = Debug|Any CPU
		Release|Any CPU = Release|Any CPU
	EndGlobalSection
	GlobalSection(ProjectConfigurationPlatforms) = postSolution
		{D3AE3777-7A53-46EF-8DD8-559B58CA1342}.Debug|Any CPU.ActiveCfg = Debug|Any CPU
		{D3AE3777-7A53-46EF-8DD8-559B58CA1342}.Debug|Any CPU.Build.0 = Debug|Any CPU
		{D3AE3777-7A53-46EF-8DD8-559B58CA1342}.Release|Any CPU.ActiveCfg = Release|Any CPU
		{D3AE3777-7A53-46EF-8DD8-559B58CA1342}.Release|Any CPU.Build.0 = Release|Any CPU
		{F3473CDB-2F5E-4E09-994C-1EDE6756513E}.Debug|Any CPU.ActiveCfg = Debug|Any CPU
		{F3473CDB-2F5E-4E09-994C-1EDE6756513E}.Debug|Any CPU.Build.0 = Debug|Any CPU
		{F3473CDB-2F5E-4E09-994C-1EDE6756513E}.Release|Any CPU.ActiveCfg = Release|Any CPU
		{F3473CDB-2F5E-4E09-994C-1EDE6756513E}.Release|Any CPU.Build.0 = Release|Any CPU
		{96308841-C97E-41E3-8E3B-0216FEBC0748}.Debug|Any CPU.ActiveCfg = Debug|Any CPU
		{96308841-C97E-41E3-8E3B-0216FEBC0748}.Debug|Any CPU.Build.0 = Debug|Any CPU
		{96308841-C97E-41E3-8E3B-0216FEBC0748}.Release|Any CPU.ActiveCfg = Release|Any CPU
		{96308841-C97E-41E3-8E3B-0216FEBC0748}.Release|Any CPU.Build.0 = Release|Any CPU
		{ADE200EF-B2F2-4EC5-B55D-0E3CD05A3B9E}.Debug|Any CPU.ActiveCfg = Debug|Any CPU
		{ADE200EF-B2F2-4EC5-B55D-0E3CD05A3B9E}.Debug|Any CPU.Build.0 = Debug|Any CPU
		{ADE200EF-B2F2-4EC5-B55D-0E3CD05A3B9E}.Release|Any CPU.ActiveCfg = Release|Any CPU
		{ADE200EF-B2F2-4EC5-B55D-0E3CD05A3B9E}.Release|Any CPU.Build.0 = Release|Any CPU
		{CF8BE362-BD28-4BB6-A95D-237379862F62}.Debug|Any CPU.ActiveCfg = Debug|Any CPU
		{CF8BE362-BD28-4BB6-A95D-237379862F62}.Debug|Any CPU.Build.0 = Debug|Any CPU
		{CF8BE362-BD28-4BB6-A95D-237379862F62}.Release|Any CPU.ActiveCfg = Release|Any CPU
		{CF8BE362-BD28-4BB6-A95D-237379862F62}.Release|Any CPU.Build.0 = Release|Any CPU
		{262DBCFC-DF4B-4D75-A253-192523024695}.Debug|Any CPU.ActiveCfg = Debug|Any CPU
		{262DBCFC-DF4B-4D75-A253-192523024695}.Debug|Any CPU.Build.0 = Debug|Any CPU
		{262DBCFC-DF4B-4D75-A253-192523024695}.Release|Any CPU.ActiveCfg = Release|Any CPU
		{262DBCFC-DF4B-4D75-A253-192523024695}.Release|Any CPU.Build.0 = Release|Any CPU
		{3BD9A52B-A6D3-4169-87CF-057D5198AFC9}.Debug|Any CPU.ActiveCfg = Debug|Any CPU
		{3BD9A52B-A6D3-4169-87CF-057D5198AFC9}.Debug|Any CPU.Build.0 = Debug|Any CPU
		{3BD9A52B-A6D3-4169-87CF-057D5198AFC9}.Release|Any CPU.ActiveCfg = Release|Any CPU
		{3BD9A52B-A6D3-4169-87CF-057D5198AFC9}.Release|Any CPU.Build.0 = Release|Any CPU
		{DB6B425A-DBCC-47ED-973E-47906A81B009}.Debug|Any CPU.ActiveCfg = Debug|Any CPU
		{DB6B425A-DBCC-47ED-973E-47906A81B009}.Debug|Any CPU.Build.0 = Debug|Any CPU
		{DB6B425A-DBCC-47ED-973E-47906A81B009}.Release|Any CPU.ActiveCfg = Release|Any CPU
		{DB6B425A-DBCC-47ED-973E-47906A81B009}.Release|Any CPU.Build.0 = Release|Any CPU
		{20E9CFE9-A30D-40F1-A447-513A3F50B9DA}.Debug|Any CPU.ActiveCfg = Debug|Any CPU
		{20E9CFE9-A30D-40F1-A447-513A3F50B9DA}.Debug|Any CPU.Build.0 = Debug|Any CPU
		{20E9CFE9-A30D-40F1-A447-513A3F50B9DA}.Release|Any CPU.ActiveCfg = Release|Any CPU
		{20E9CFE9-A30D-40F1-A447-513A3F50B9DA}.Release|Any CPU.Build.0 = Release|Any CPU
		{E7F7C608-E036-4315-BF1C-0231E6675969}.Debug|Any CPU.ActiveCfg = Debug|Any CPU
		{E7F7C608-E036-4315-BF1C-0231E6675969}.Debug|Any CPU.Build.0 = Debug|Any CPU
		{E7F7C608-E036-4315-BF1C-0231E6675969}.Release|Any CPU.ActiveCfg = Release|Any CPU
		{E7F7C608-E036-4315-BF1C-0231E6675969}.Release|Any CPU.Build.0 = Release|Any CPU
	EndGlobalSection
	GlobalSection(SolutionProperties) = preSolution
		HideSolutionNode = FALSE
	EndGlobalSection
	GlobalSection(NestedProjects) = preSolution
		{A8CC65FB-D909-4B66-9FE0-535374AE1D32} = {282F03DF-1AE2-4ABE-B4FF-A247BADBA5E8}
		{D3AE3777-7A53-46EF-8DD8-559B58CA1342} = {A8CC65FB-D909-4B66-9FE0-535374AE1D32}
		{BFC07069-9567-49C6-95B3-9A9041E8D681} = {282F03DF-1AE2-4ABE-B4FF-A247BADBA5E8}
		{96308841-C97E-41E3-8E3B-0216FEBC0748} = {BFC07069-9567-49C6-95B3-9A9041E8D681}
		{7C67BDDE-59C8-4A49-9E60-FDFFF3452F11} = {282F03DF-1AE2-4ABE-B4FF-A247BADBA5E8}
		{ADE200EF-B2F2-4EC5-B55D-0E3CD05A3B9E} = {7C67BDDE-59C8-4A49-9E60-FDFFF3452F11}
		{CF8BE362-BD28-4BB6-A95D-237379862F62} = {7C67BDDE-59C8-4A49-9E60-FDFFF3452F11}
		{1253E962-4ED8-4255-8481-3420CEB1C54E} = {282F03DF-1AE2-4ABE-B4FF-A247BADBA5E8}
		{262DBCFC-DF4B-4D75-A253-192523024695} = {1253E962-4ED8-4255-8481-3420CEB1C54E}
		{3BD9A52B-A6D3-4169-87CF-057D5198AFC9} = {1253E962-4ED8-4255-8481-3420CEB1C54E}
		{DB6B425A-DBCC-47ED-973E-47906A81B009} = {1253E962-4ED8-4255-8481-3420CEB1C54E}
		{20E9CFE9-A30D-40F1-A447-513A3F50B9DA} = {1253E962-4ED8-4255-8481-3420CEB1C54E}
		{E7F7C608-E036-4315-BF1C-0231E6675969} = {182B40D7-EB48-498F-9BE0-12EBC841CEAA}
	EndGlobalSection
	GlobalSection(ExtensibilityGlobals) = postSolution
		SolutionGuid = {DA6A6DBA-EC82-427E-B9A3-A95D4436B956}
	EndGlobalSection
EndGlobal
